PODS:
  - xyd-hpple (0.5.0)
  - XYDWKZombie (1.1.2):
    - xyd-hpple (= 0.5.0)

DEPENDENCIES:
  - XYDWKZombie (from `../`)

SPEC REPOS:
  trunk:
    - xyd-hpple

EXTERNAL SOURCES:
  XYDWKZombie:
    :path: "../"

SPEC CHECKSUMS:
  xyd-hpple: c170eb27258eb37bd36da4a40c02dbe7960acf3a
  XYDWKZombie: 4d5ef2ab627ae8970a1c72f8c9ed111f577eef1d

PODFILE CHECKSUM: cb5bcf0bb55c877cbdfe254e5ba50deec97d43c6

COCOAPODS: 1.11.3
